
Microsoft Visual Studio Solution File, Format Version 12.00
# Visual Studio Version 17
VisualStudioVersion = 17.9.34607.119
MinimumVisualStudioVersion = 10.0.40219.1
Project("{FAE04EC0-301F-11D3-BF4B-00C04F79EFBC}") = "Esercizio_finale_S6", "Esercizio_finale_S6\Esercizio_finale_S6.csproj", "{F9E8DA17-E774-45CD-8766-0A778810D1E6}"
EndProject
Global
	GlobalSection(SolutionConfigurationPlatforms) = preSolution
		Debug|Any CPU = Debug|Any CPU
		Release|Any CPU = Release|Any CPU
	EndGlobalSection
	GlobalSection(ProjectConfigurationPlatforms) = postSolution
		{F9E8DA17-E774-45CD-8766-0A778810D1E6}.Debug|Any CPU.ActiveCfg = Debug|Any CPU
		{F9E8DA17-E774-45CD-8766-0A778810D1E6}.Debug|Any CPU.Build.0 = Debug|Any CPU
		{F9E8DA17-E774-45CD-8766-0A778810D1E6}.Release|Any CPU.ActiveCfg = Release|Any CPU
		{F9E8DA17-E774-45CD-8766-0A778810D1E6}.Release|Any CPU.Build.0 = Release|Any CPU
	EndGlobalSection
	GlobalSection(SolutionProperties) = preSolution
		HideSolutionNode = FALSE
	EndGlobalSection
	GlobalSection(ExtensibilityGlobals) = postSolution
		SolutionGuid = {5A5DB458-946A-47A6-9B5C-18E05495FF3C}
	EndGlobalSection
EndGlobal
